
Microsoft Visual Studio Solution File, Format Version 12.00
# Visual Studio Version 17
VisualStudioVersion = 17.9.34701.34
MinimumVisualStudioVersion = 10.0.40219.1
Project("{FAE04EC0-301F-11D3-BF4B-00C04F79EFBC}") = "01-Adapter", "01-Adapter\01-Adapter.csproj", "{A13FAD92-2530-492F-B7B2-47FF013EA65E}"
EndProject
Global
	GlobalSection(SolutionConfigurationPlatforms) = preSolution
		Debug|Any CPU = Debug|Any CPU
		Release|Any CPU = Release|Any CPU
	EndGlobalSection
	GlobalSection(ProjectConfigurationPlatforms) = postSolution
		{A13FAD92-2530-492F-B7B2-47FF013EA65E}.Debug|Any CPU.ActiveCfg = Debug|Any CPU
		{A13FAD92-2530-492F-B7B2-47FF013EA65E}.Debug|Any CPU.Build.0 = Debug|Any CPU
		{A13FAD92-2530-492F-B7B2-47FF013EA65E}.Release|Any CPU.ActiveCfg = Release|Any CPU
		{A13FAD92-2530-492F-B7B2-47FF013EA65E}.Release|Any CPU.Build.0 = Release|Any CPU
	EndGlobalSection
	GlobalSection(SolutionProperties) = preSolution
		HideSolutionNode = FALSE
	EndGlobalSection
	GlobalSection(ExtensibilityGlobals) = postSolution
		SolutionGuid = {733DB38B-BA16-4C14-8711-7FA4DE508A70}
	EndGlobalSection
EndGlobal
