
Microsoft Visual Studio Solution File, Format Version 12.00
# Visual Studio Version 17
VisualStudioVersion = 17.8.34601.278
MinimumVisualStudioVersion = 10.0.40219.1
Project("{9A19103F-16F7-4668-BE54-9A1E7A4F7556}") = "01-FactoryMethodClassLibrary", "01-FactoryMethodClassLibrary\01-FactoryMethodClassLibrary.csproj", "{BF0B4F92-517B-4ADA-ADFB-454A8C79EC04}"
EndProject
Project("{9A19103F-16F7-4668-BE54-9A1E7A4F7556}") = "02-AbstractFactoryClassLibrary", "02-AbstractFactoryClassLibrary\02-AbstractFactoryClassLibrary.csproj", "{246D54AE-99ED-407A-A82D-9D8F333DFB44}"
EndProject
Project("{9A19103F-16F7-4668-BE54-9A1E7A4F7556}") = "03-SingletonClassLibrary", "03-SingletonClassLibrary\03-SingletonClassLibrary.csproj", "{969EC7D8-F53F-40FF-B170-115388DB00AB}"
EndProject
Project("{9A19103F-16F7-4668-BE54-9A1E7A4F7556}") = "04-PrototypeClassLibrary", "04-PrototypeClassLibrary\04-PrototypeClassLibrary.csproj", "{7FD0DB1E-001B-4A81-A599-5DB6C13289B5}"
EndProject
Project("{9A19103F-16F7-4668-BE54-9A1E7A4F7556}") = "05-BuilderClassLibrary", "05-BuilderClassLibrary\05-BuilderClassLibrary.csproj", "{33516620-199B-411B-98C3-ACE46DD1055D}"
EndProject
Project("{9A19103F-16F7-4668-BE54-9A1E7A4F7556}") = "01-ConsoleApp", "01-ConsoleApp\01-ConsoleApp.csproj", "{5A08AB7F-53FC-42A1-A95A-F41C44FEDF15}"
EndProject
Project("{9A19103F-16F7-4668-BE54-9A1E7A4F7556}") = "02-ConsoleApp", "02-ConsoleApp\02-ConsoleApp.csproj", "{F0D63461-EF4A-4D53-BD99-0B8ED7FBDA94}"
EndProject
Project("{9A19103F-16F7-4668-BE54-9A1E7A4F7556}") = "03-ConsoleApp", "03-ConsoleApp\03-ConsoleApp.csproj", "{55776DA8-CB6C-4710-AC12-5AEB626D1C38}"
EndProject
Project("{FAE04EC0-301F-11D3-BF4B-00C04F79EFBC}") = "04-ConsoleApp", "04-ConsoleApp\04-ConsoleApp.csproj", "{8043A574-C367-4D1E-8152-2F59A4DD63EF}"
EndProject
Global
	GlobalSection(SolutionConfigurationPlatforms) = preSolution
		Debug|Any CPU = Debug|Any CPU
		Release|Any CPU = Release|Any CPU
	EndGlobalSection
	GlobalSection(ProjectConfigurationPlatforms) = postSolution
		{BF0B4F92-517B-4ADA-ADFB-454A8C79EC04}.Debug|Any CPU.ActiveCfg = Debug|Any CPU
		{BF0B4F92-517B-4ADA-ADFB-454A8C79EC04}.Debug|Any CPU.Build.0 = Debug|Any CPU
		{BF0B4F92-517B-4ADA-ADFB-454A8C79EC04}.Release|Any CPU.ActiveCfg = Release|Any CPU
		{BF0B4F92-517B-4ADA-ADFB-454A8C79EC04}.Release|Any CPU.Build.0 = Release|Any CPU
		{246D54AE-99ED-407A-A82D-9D8F333DFB44}.Debug|Any CPU.ActiveCfg = Debug|Any CPU
		{246D54AE-99ED-407A-A82D-9D8F333DFB44}.Debug|Any CPU.Build.0 = Debug|Any CPU
		{246D54AE-99ED-407A-A82D-9D8F333DFB44}.Release|Any CPU.ActiveCfg = Release|Any CPU
		{246D54AE-99ED-407A-A82D-9D8F333DFB44}.Release|Any CPU.Build.0 = Release|Any CPU
		{969EC7D8-F53F-40FF-B170-115388DB00AB}.Debug|Any CPU.ActiveCfg = Debug|Any CPU
		{969EC7D8-F53F-40FF-B170-115388DB00AB}.Debug|Any CPU.Build.0 = Debug|Any CPU
		{969EC7D8-F53F-40FF-B170-115388DB00AB}.Release|Any CPU.ActiveCfg = Release|Any CPU
		{969EC7D8-F53F-40FF-B170-115388DB00AB}.Release|Any CPU.Build.0 = Release|Any CPU
		{7FD0DB1E-001B-4A81-A599-5DB6C13289B5}.Debug|Any CPU.ActiveCfg = Debug|Any CPU
		{7FD0DB1E-001B-4A81-A599-5DB6C13289B5}.Debug|Any CPU.Build.0 = Debug|Any CPU
		{7FD0DB1E-001B-4A81-A599-5DB6C13289B5}.Release|Any CPU.ActiveCfg = Release|Any CPU
		{7FD0DB1E-001B-4A81-A599-5DB6C13289B5}.Release|Any CPU.Build.0 = Release|Any CPU
		{33516620-199B-411B-98C3-ACE46DD1055D}.Debug|Any CPU.ActiveCfg = Debug|Any CPU
		{33516620-199B-411B-98C3-ACE46DD1055D}.Debug|Any CPU.Build.0 = Debug|Any CPU
		{33516620-199B-411B-98C3-ACE46DD1055D}.Release|Any CPU.ActiveCfg = Release|Any CPU
		{33516620-199B-411B-98C3-ACE46DD1055D}.Release|Any CPU.Build.0 = Release|Any CPU
		{5A08AB7F-53FC-42A1-A95A-F41C44FEDF15}.Debug|Any CPU.ActiveCfg = Debug|Any CPU
		{5A08AB7F-53FC-42A1-A95A-F41C44FEDF15}.Debug|Any CPU.Build.0 = Debug|Any CPU
		{5A08AB7F-53FC-42A1-A95A-F41C44FEDF15}.Release|Any CPU.ActiveCfg = Release|Any CPU
		{5A08AB7F-53FC-42A1-A95A-F41C44FEDF15}.Release|Any CPU.Build.0 = Release|Any CPU
		{F0D63461-EF4A-4D53-BD99-0B8ED7FBDA94}.Debug|Any CPU.ActiveCfg = Debug|Any CPU
		{F0D63461-EF4A-4D53-BD99-0B8ED7FBDA94}.Debug|Any CPU.Build.0 = Debug|Any CPU
		{F0D63461-EF4A-4D53-BD99-0B8ED7FBDA94}.Release|Any CPU.ActiveCfg = Release|Any CPU
		{F0D63461-EF4A-4D53-BD99-0B8ED7FBDA94}.Release|Any CPU.Build.0 = Release|Any CPU
		{55776DA8-CB6C-4710-AC12-5AEB626D1C38}.Debug|Any CPU.ActiveCfg = Debug|Any CPU
		{55776DA8-CB6C-4710-AC12-5AEB626D1C38}.Debug|Any CPU.Build.0 = Debug|Any CPU
		{55776DA8-CB6C-4710-AC12-5AEB626D1C38}.Release|Any CPU.ActiveCfg = Release|Any CPU
		{55776DA8-CB6C-4710-AC12-5AEB626D1C38}.Release|Any CPU.Build.0 = Release|Any CPU
		{8043A574-C367-4D1E-8152-2F59A4DD63EF}.Debug|Any CPU.ActiveCfg = Debug|Any CPU
		{8043A574-C367-4D1E-8152-2F59A4DD63EF}.Debug|Any CPU.Build.0 = Debug|Any CPU
		{8043A574-C367-4D1E-8152-2F59A4DD63EF}.Release|Any CPU.ActiveCfg = Release|Any CPU
		{8043A574-C367-4D1E-8152-2F59A4DD63EF}.Release|Any CPU.Build.0 = Release|Any CPU
	EndGlobalSection
	GlobalSection(SolutionProperties) = preSolution
		HideSolutionNode = FALSE
	EndGlobalSection
	GlobalSection(ExtensibilityGlobals) = postSolution
		SolutionGuid = {7E397B90-1E12-4691-8174-4670C4C5A041}
	EndGlobalSection
EndGlobal
